// !$*UTF8*$!
{
	archiveVersion = 1;
	classes = {
	};
	objectVersion = 50;
	objects = {

/* Begin PBXBuildFile section */
		81C4C9E220B66718001303D1 /* AppDelegate.swift in Sources */ = {isa = PBXBuildFile; fileRef = 81C4C9E120B66718001303D1 /* AppDelegate.swift */; };
		81C4C9E420B66718001303D1 /* ViewController.swift in Sources */ = {isa = PBXBuildFile; fileRef = 81C4C9E320B66718001303D1 /* ViewController.swift */; };
		81C4C9E720B66718001303D1 /* Main.storyboard in Resources */ = {isa = PBXBuildFile; fileRef = 81C4C9E520B66718001303D1 /* Main.storyboard */; };
		81C4C9E920B6671A001303D1 /* Assets.xcassets in Resources */ = {isa = PBXBuildFile; fileRef = 81C4C9E820B6671A001303D1 /* Assets.xcassets */; };
		81C4C9EC20B6671A001303D1 /* LaunchScreen.storyboard in Resources */ = {isa = PBXBuildFile; fileRef = 81C4C9EA20B6671A001303D1 /* LaunchScreen.storyboard */; };
		81C4C9F420B66F91001303D1 /* TestCell.swift in Sources */ = {isa = PBXBuildFile; fileRef = 81C4C9F320B66F91001303D1 /* TestCell.swift */; };
/* End PBXBuildFile section */

/* Begin PBXFileReference section */
		81C4C9DE20B66718001303D1 /* SwiftCalculateHeight.app */ = {isa = PBXFileReference; explicitFileType = wrapper.application; includeInIndex = 0; path = SwiftCalculateHeight.app; sourceTree = BUILT_PRODUCTS_DIR; };
		81C4C9E120B66718001303D1 /* AppDelegate.swift */ = {isa = PBXFileReference; lastKnownFileType = sourcecode.swift; path = AppDelegate.swift; sourceTree = "<group>"; };
		81C4C9E320B66718001303D1 /* ViewController.swift */ = {isa = PBXFileReference; lastKnownFileType = sourcecode.swift; path = ViewController.swift; sourceTree = "<group>"; };
		81C4C9E620B66718001303D1 /* Base */ = {isa = PBXFileReference; lastKnownFileType = file.storyboard; name = Base; path = Base.lproj/Main.storyboard; sourceTree = "<group>"; };
		81C4C9E820B6671A001303D1 /* Assets.xcassets */ = {isa = PBXFileReference; lastKnownFileType = folder.assetcatalog; path = Assets.xcassets; sourceTree = "<group>"; };
		81C4C9EB20B6671A001303D1 /* Base */ = {isa = PBXFileReference; lastKnownFileType = file.storyboard; name = Base; path = Base.lproj/LaunchScreen.storyboard; sourceTree = "<group>"; };
		81C4C9ED20B6671A001303D1 /* Info.plist */ = {isa = PBXFileReference; lastKnownFileType = text.plist.xml; path = Info.plist; sourceTree = "<group>"; };
		81C4C9F320B66F91001303D1 /* TestCell.swift */ = {isa = PBXFileReference; lastKnownFileType = sourcecode.swift; path = TestCell.swift; sourceTree = "<group>"; };
/* End PBXFileReference section */

/* Begin PBXFrameworksBuildPhase section */
		81C4C9DB20B66718001303D1 /* Frameworks */ = {
			isa = PBXFrameworksBuildPhase;
			buildActionMask = 2147483647;
			files = (
			);
			runOnlyForDeploymentPostprocessing = 0;
		};
/* End PBXFrameworksBuildPhase section */

/* Begin PBXGroup section */
		81C4C9D520B66718001303D1 = {
			isa = PBXGroup;
			children = (
				81C4C9E020B66718001303D1 /* SwiftCalculateHeight */,
				81C4C9DF20B66718001303D1 /* Products */,
			);
			sourceTree = "<group>";
		};
		81C4C9DF20B66718001303D1 /* Products */ = {
			isa = PBXGroup;
			children = (
				81C4C9DE20B66718001303D1 /* SwiftCalculateHeight.app */,
			);
			name = Products;
			sourceTree = "<group>";
		};
		81C4C9E020B66718001303D1 /* SwiftCalculateHeight */ = {
			isa = PBXGroup;
			children = (
				81C4C9E120B66718001303D1 /* AppDelegate.swift */,
				81C4C9E320B66718001303D1 /* ViewController.swift */,
				81C4C9F320B66F91001303D1 /* TestCell.swift */,
				81C4C9E520B66718001303D1 /* Main.storyboard */,
				81C4C9E820B6671A001303D1 /* Assets.xcassets */,
				81C4C9EA20B6671A001303D1 /* LaunchScreen.storyboard */,
				81C4C9ED20B6671A001303D1 /* Info.plist */,
			);
			path = SwiftCalculateHeight;
			sourceTree = "<group>";
		};
/* End PBXGroup section */

/* Begin PBXNativeTarget section */
		81C4C9DD20B66718001303D1 /* SwiftCalculateHeight */ = {
			isa = PBXNativeTarget;
			buildConfigurationList = 81C4C9F020B6671A001303D1 /* Build configuration list for PBXNativeTarget "SwiftCalculateHeight" */;
			buildPhases = (
				81C4C9DA20B66718001303D1 /* Sources */,
				81C4C9DB20B66718001303D1 /* Frameworks */,
				81C4C9DC20B66718001303D1 /* Resources */,
			);
			buildRules = (
			);
			dependencies = (
			);
			name = SwiftCalculateHeight;
			productName = SwiftCalculateHeight;
			productReference = 81C4C9DE20B66718001303D1 /* SwiftCalculateHeight.app */;
			productType = "com.apple.product-type.application";
		};
/* End PBXNativeTarget section */

/* Begin PBXProject section */
		81C4C9D620B66718001303D1 /* Project object */ = {
			isa = PBXProject;
			attributes = {
				LastSwiftUpdateCheck = 0930;
				LastUpgradeCheck = 0930;
				ORGANIZATIONNAME = weiman;
				TargetAttributes = {
					81C4C9DD20B66718001303D1 = {
						CreatedOnToolsVersion = 9.3;
					};
				};
			};
			buildConfigurationList = 81C4C9D920B66718001303D1 /* Build configuration list for PBXProject "SwiftCalculateHeight" */;
			compatibilityVersion = "Xcode 9.3";
			developmentRegion = en;
			hasScannedForEncodings = 0;
			knownRegions = (
				en,
				Base,
			);
			mainGroup = 81C4C9D520B66718001303D1;
			productRefGroup = 81C4C9DF20B66718001303D1 /* Products */;
			projectDirPath = "";
			projectRoot = "";
			targets = (
				81C4C9DD20B66718001303D1 /* SwiftCalculateHeight */,
			);
		};
/* End PBXProject section */

/* Begin PBXResourcesBuildPhase section */
		81C4C9DC20B66718001303D1 /* Resources */ = {
			isa = PBXResourcesBuildPhase;
			buildActionMask = 2147483647;
			files = (
				81C4C9EC20B6671A001303D1 /* LaunchScreen.storyboard in Resources */,
				81C4C9E920B6671A001303D1 /* Assets.xcassets in Resources */,
				81C4C9E720B66718001303D1 /* Main.storyboard in Resources */,
			);
			runOnlyForDeploymentPostprocessing = 0;
		};
/* End PBXResourcesBuildPhase section */

/* Begin PBXSourcesBuildPhase section */
		81C4C9DA20B66718001303D1 /* Sources */ = {
			isa = PBXSourcesBuildPhase;
			buildActionMask = 2147483647;
			files = (
				81C4C9E420B66718001303D1 /* ViewController.swift in Sources */,
				81C4C9F420B66F91001303D1 /* TestCell.swift in Sources */,
				81C4C9E220B66718001303D1 /* AppDelegate.swift in Sources */,
			);
			runOnlyForDeploymentPostprocessing = 0;
		};
/* End PBXSourcesBuildPhase section */

/* Begin PBXVariantGroup section */
		81C4C9E520B66718001303D1 /* Main.storyboard */ = {
			isa = PBXVariantGroup;
			children = (
				81C4C9E620B66718001303D1 /* Base */,
			);
			name = Main.storyboard;
			sourceTree = "<group>";
		};
		81C4C9EA20B6671A001303D1 /* LaunchScreen.storyboard */ = {
			isa = PBXVariantGroup;
			children = (
				81C4C9EB20B6671A001303D1 /* Base */,
			);
			name = LaunchScreen.storyboard;
			sourceTree = "<group>";
		};
/* End PBXVariantGroup section */

/* Begin XCBuildConfiguration section */
		81C4C9EE20B6671A001303D1 /* Debug */ = {
			isa = XCBuildConfiguration;
			buildSettings = {
				ALWAYS_SEARCH_USER_PATHS = NO;
				CLANG_ANALYZER_NONNULL = YES;
				CLANG_ANALYZER_NUMBER_OBJECT_CONVERSION = YES_AGGRESSIVE;
				CLANG_CXX_LANGUAGE_STANDARD = "gnu++14";
				CLANG_CXX_LIBRARY = "libc++";
				CLANG_ENABLE_MODULES = YES;
				CLANG_ENABLE_OBJC_ARC = YES;
				CLANG_ENABLE_OBJC_WEAK = YES;
				CLANG_WARN_BLOCK_CAPTURE_AUTORELEASING = YES;
				CLANG_WARN_BOOL_CONVERSION = YES;
				CLANG_WARN_COMMA = YES;
				CLANG_WARN_CONSTANT_CONVERSION = YES;
				CLANG_WARN_DEPRECATED_OBJC_IMPLEMENTATIONS = YES;
				CLANG_WARN_DIRECT_OBJC_ISA_USAGE = YES_ERROR;
				CLANG_WARN_DOCUMENTATION_COMMENTS = YES;
				CLANG_WARN_EMPTY_BODY = YES;
				CLANG_WARN_ENUM_CONVERSION = YES;
				CLANG_WARN_INFINITE_RECURSION = YES;
				CLANG_WARN_INT_CONVERSION = YES;
				CLANG_WARN_NON_LITERAL_NULL_CONVERSION = YES;
				CLANG_WARN_OBJC_IMPLICIT_RETAIN_SELF = YES;
				CLANG_WARN_OBJC_LITERAL_CONVERSION = YES;
				CLANG_WARN_OBJC_ROOT_CLASS = YES_ERROR;
				CLANG_WARN_RANGE_LOOP_ANALYSIS = YES;
				CLANG_WARN_STRICT_PROTOTYPES = YES;
				CLANG_WARN_SUSPICIOUS_MOVE = YES;
				CLANG_WARN_UNGUARDED_AVAILABILITY = YES_AGGRESSIVE;
				CLANG_WARN_UNREACHABLE_CODE = YES;
				CLANG_WARN__DUPLICATE_METHOD_MATCH = YES;
				CODE_SIGN_IDENTITY = "iPhone Developer";
				COPY_PHASE_STRIP = NO;
				DEBUG_INFORMATION_FORMAT = dwarf;
				ENABLE_STRICT_OBJC_MSGSEND = YES;
				ENABLE_TESTABILITY = YES;
				GCC_C_LANGUAGE_STANDARD = gnu11;
				GCC_DYNAMIC_NO_PIC = NO;
				GCC_NO_COMMON_BLOCKS = YES;
				GCC_OPTIMIZATION_LEVEL = 0;
				GCC_PREPROCESSOR_DEFINITIONS = (
					"DEBUG=1",
					"$(inherited)",
				);
				GCC_WARN_64_TO_32_BIT_CONVERSION = YES;
				GCC_WARN_ABOUT_RETURN_TYPE = YES_ERROR;
				GCC_WARN_UNDECLARED_SELECTOR = YES;
				GCC_WARN_UNINITIALIZED_AUTOS = YES_AGGRESSIVE;
				GCC_WARN_UNUSED_FUNCTION = YES;
				GCC_WARN_UNUSED_VARIABLE = YES;
				IPHONEOS_DEPLOYMENT_TARGET = 11.3;
				MTL_ENABLE_DEBUG_INFO = YES;
				ONLY_ACTIVE_ARCH = YES;
				SDKROOT = iphoneos;
				SWIFT_ACTIVE_COMPILATION_CONDITIONS = DEBUG;
				SWIFT_OPTIMIZATION_LEVEL = "-Onone";
			};
			name = Debug;
		};
		81C4C9EF20B6671A001303D1 /* Release */ = {
			isa = XCBuildConfiguration;
			buildSettings = {
				ALWAYS_SEARCH_USER_PATHS = NO;
				CLANG_ANALYZER_NONNULL = YES;
				CLANG_ANALYZER_NUMBER_OBJECT_CONVERSION = YES_AGGRESSIVE;
				CLANG_CXX_LANGUAGE_STANDARD = "gnu++14";
				CLANG_CXX_LIBRARY = "libc++";
				CLANG_ENABLE_MODULES = YES;
				CLANG_ENABLE_OBJC_ARC = YES;
				CLANG_ENABLE_OBJC_WEAK = YES;
				CLANG_WARN_BLOCK_CAPTURE_AUTORELEASING = YES;
				CLANG_WARN_BOOL_CONVERSION = YES;
				CLANG_WARN_COMMA = YES;
				CLANG_WARN_CONSTANT_CONVERSION = YES;
				CLANG_WARN_DEPRECATED_OBJC_IMPLEMENTATIONS = YES;
				CLANG_WARN_DIRECT_OBJC_ISA_USAGE = YES_ERROR;
				CLANG_WARN_DOCUMENTATION_COMMENTS = YES;
				CLANG_WARN_EMPTY_BODY = YES;
				CLANG_WARN_ENUM_CONVERSION = YES;
				CLANG_WARN_INFINITE_RECURSION = YES;
				CLANG_WARN_INT_CONVERSION = YES;
				CLANG_WARN_NON_LITERAL_NULL_CONVERSION = YES;
				CLANG_WARN_OBJC_IMPLICIT_RETAIN_SELF = YES;
				CLANG_WARN_OBJC_LITERAL_CONVERSION = YES;
				CLANG_WARN_OBJC_ROOT_CLASS = YES_ERROR;
				CLANG_WARN_RANGE_LOOP_ANALYSIS = YES;
				CLANG_WARN_STRICT_PROTOTYPES = YES;
				CLANG_WARN_SUSPICIOUS_MOVE = YES;
				CLANG_WARN_UNGUARDED_AVAILABILITY = YES_AGGRESSIVE;
				CLANG_WARN_UNREACHABLE_CODE = YES;
				CLANG_WARN__DUPLICATE_METHOD_MATCH = YES;
				CODE_SIGN_IDENTITY = "iPhone Developer";
				COPY_PHASE_STRIP = NO;
				DEBUG_INFORMATION_FORMAT = "dwarf-with-dsym";
				ENABLE_NS_ASSERTIONS = NO;
				ENABLE_STRICT_OBJC_MSGSEND = YES;
				GCC_C_LANGUAGE_STANDARD = gnu11;
				GCC_NO_COMMON_BLOCKS = YES;
				GCC_WARN_64_TO_32_BIT_CONVERSION = YES;
				GCC_WARN_ABOUT_RETURN_TYPE = YES_ERROR;
				GCC_WARN_UNDECLARED_SELECTOR = YES;
				GCC_WARN_UNINITIALIZED_AUTOS = YES_AGGRESSIVE;
				GCC_WARN_UNUSED_FUNCTION = YES;
				GCC_WARN_UNUSED_VARIABLE = YES;
				IPHONEOS_DEPLOYMENT_TARGET = 11.3;
				MTL_ENABLE_DEBUG_INFO = NO;
				SDKROOT = iphoneos;
				SWIFT_COMPILATION_MODE = wholemodule;
				SWIFT_OPTIMIZATION_LEVEL = "-O";
				VALIDATE_PRODUCT = YES;
			};
			name = Release;
		};
		81C4C9F120B6671A001303D1 /* Debug */ = {
			isa = XCBuildConfiguration;
			buildSettings = {
				ASSETCATALOG_COMPILER_APPICON_NAME = AppIcon;
				CODE_SIGN_STYLE = Automatic;
				INFOPLIST_FILE = SwiftCalculateHeight/Info.plist;
				LD_RUNPATH_SEARCH_PATHS = (
					"$(inherited)",
					"@executable_path/Frameworks",
				);
				PRODUCT_BUNDLE_IDENTIFIER = cddh.SwiftCalculateHeight;
				PRODUCT_NAME = "$(TARGET_NAME)";
				SWIFT_VERSION = 4.0;
				TARGETED_DEVICE_FAMILY = "1,2";
			};
			name = Debug;
		};
		81C4C9F220B6671A001303D1 /* Release */ = {
			isa = XCBuildConfiguration;
			buildSettings = {
				ASSETCATALOG_COMPILER_APPICON_NAME = AppIcon;
				CODE_SIGN_STYLE = Automatic;
				INFOPLIST_FILE = SwiftCalculateHeight/Info.plist;
				LD_RUNPATH_SEARCH_PATHS = (
					"$(inherited)",
					"@executable_path/Frameworks",
				);
				PRODUCT_BUNDLE_IDENTIFIER = cddh.SwiftCalculateHeight;
				PRODUCT_NAME = "$(TARGET_NAME)";
				SWIFT_VERSION = 4.0;
				TARGETED_DEVICE_FAMILY = "1,2";
			};
			name = Release;
		};
/* End XCBuildConfiguration section */

/* Begin XCConfigurationList section */
		81C4C9D920B66718001303D1 /* Build configuration list for PBXProject "SwiftCalculateHeight" */ = {
			isa = XCConfigurationList;
			buildConfigurations = (
				81C4C9EE20B6671A001303D1 /* Debug */,
				81C4C9EF20B6671A001303D1 /* Release */,
			);
			defaultConfigurationIsVisible = 0;
			defaultConfigurationName = Release;
		};
		81C4C9F020B6671A001303D1 /* Build configuration list for PBXNativeTarget "SwiftCalculateHeight" */ = {
			isa = XCConfigurationList;
			buildConfigurations = (
				81C4C9F120B6671A001303D1 /* Debug */,
				81C4C9F220B6671A001303D1 /* Release */,
			);
			defaultConfigurationIsVisible = 0;
			defaultConfigurationName = Release;
		};
/* End XCConfigurationList section */
	};
	rootObject = 81C4C9D620B66718001303D1 /* Project object */;
}
